
Microsoft Visual Studio Solution File, Format Version 11.00
# Visual Studio 2010
Project("{FAE04EC0-301F-11D3-BF4B-00C04F79EFBC}") = "RecaudaSoft", "RecaudaSoft\RecaudaSoft.csproj", "{03E5A6D3-C296-4BFE-A3C1-456C339CF724}"
EndProject
Project("{FAE04EC0-301F-11D3-BF4B-00C04F79EFBC}") = "RecaudaSoft.Tests", "RecaudaSoft.Tests\RecaudaSoft.Tests.csproj", "{8509F4E8-B9AC-4DDF-B7C2-A3B077801F03}"
EndProject
Global
	GlobalSection(SolutionConfigurationPlatforms) = preSolution
		Debug|Any CPU = Debug|Any CPU
		Release|Any CPU = Release|Any CPU
	EndGlobalSection
	GlobalSection(ProjectConfigurationPlatforms) = postSolution
		{03E5A6D3-C296-4BFE-A3C1-456C339CF724}.Debug|Any CPU.ActiveCfg = Debug|Any CPU
		{03E5A6D3-C296-4BFE-A3C1-456C339CF724}.Debug|Any CPU.Build.0 = Debug|Any CPU
		{03E5A6D3-C296-4BFE-A3C1-456C339CF724}.Release|Any CPU.ActiveCfg = Release|Any CPU
		{03E5A6D3-C296-4BFE-A3C1-456C339CF724}.Release|Any CPU.Build.0 = Release|Any CPU
		{8509F4E8-B9AC-4DDF-B7C2-A3B077801F03}.Debug|Any CPU.ActiveCfg = Debug|Any CPU
		{8509F4E8-B9AC-4DDF-B7C2-A3B077801F03}.Debug|Any CPU.Build.0 = Debug|Any CPU
		{8509F4E8-B9AC-4DDF-B7C2-A3B077801F03}.Release|Any CPU.ActiveCfg = Release|Any CPU
		{8509F4E8-B9AC-4DDF-B7C2-A3B077801F03}.Release|Any CPU.Build.0 = Release|Any CPU
	EndGlobalSection
	GlobalSection(SolutionProperties) = preSolution
		HideSolutionNode = FALSE
	EndGlobalSection
EndGlobal
